
Microsoft Visual Studio Solution File, Format Version 12.00
# Visual Studio Version 16
VisualStudioVersion = 16.0.31729.503
MinimumVisualStudioVersion = 10.0.40219.1
Project("{FAE04EC0-301F-11D3-BF4B-00C04F79EFBC}") = "LinqExercises", "LinqExercises\LinqExercises.csproj", "{05408D75-5D1E-4C5F-B568-8A5889FB9238}"
EndProject
Global
	GlobalSection(SolutionConfigurationPlatforms) = preSolution
		Debug|Any CPU = Debug|Any CPU
		Release|Any CPU = Release|Any CPU
	EndGlobalSection
	GlobalSection(ProjectConfigurationPlatforms) = postSolution
		{05408D75-5D1E-4C5F-B568-8A5889FB9238}.Debug|Any CPU.ActiveCfg = Debug|Any CPU
		{05408D75-5D1E-4C5F-B568-8A5889FB9238}.Debug|Any CPU.Build.0 = Debug|Any CPU
		{05408D75-5D1E-4C5F-B568-8A5889FB9238}.Release|Any CPU.ActiveCfg = Release|Any CPU
		{05408D75-5D1E-4C5F-B568-8A5889FB9238}.Release|Any CPU.Build.0 = Release|Any CPU
	EndGlobalSection
	GlobalSection(SolutionProperties) = preSolution
		HideSolutionNode = FALSE
	EndGlobalSection
	GlobalSection(ExtensibilityGlobals) = postSolution
		SolutionGuid = {C49A28A6-EB6F-4627-8DFE-1A5D4C60D09F}
	EndGlobalSection
EndGlobal
